// !$*UTF8*$!
{
	archiveVersion = 1;
	classes = {
	};
	objectVersion = 56;
	objects = {

/* Begin PBXBuildFile section */
		21A492132B05F4A90052527A /* LearningApp.swift in Sources */ = {isa = PBXBuildFile; fileRef = 21A492122B05F4A90052527A /* LearningApp.swift */; };
		21A492152B05F4A90052527A /* ContentView.swift in Sources */ = {isa = PBXBuildFile; fileRef = 21A492142B05F4A90052527A /* ContentView.swift */; };
		21A492172B05F4AA0052527A /* Assets.xcassets in Resources */ = {isa = PBXBuildFile; fileRef = 21A492162B05F4AA0052527A /* Assets.xcassets */; };
		21A4921B2B05F4AA0052527A /* Preview Assets.xcassets in Resources */ = {isa = PBXBuildFile; fileRef = 21A4921A2B05F4AA0052527A /* Preview Assets.xcassets */; };
		21A492252B05F4AA0052527A /* LearningTests.swift in Sources */ = {isa = PBXBuildFile; fileRef = 21A492242B05F4AA0052527A /* LearningTests.swift */; };
		21A4922F2B05F4AA0052527A /* LearningUITests.swift in Sources */ = {isa = PBXBuildFile; fileRef = 21A4922E2B05F4AA0052527A /* LearningUITests.swift */; };
		21A492312B05F4AA0052527A /* LearningUITestsLaunchTests.swift in Sources */ = {isa = PBXBuildFile; fileRef = 21A492302B05F4AA0052527A /* LearningUITestsLaunchTests.swift */; };
		21A4923E2B05F6920052527A /* ContentView-ViewModel.swift in Sources */ = {isa = PBXBuildFile; fileRef = 21A4923D2B05F6920052527A /* ContentView-ViewModel.swift */; };
		21A492402B05F7120052527A /* ContentModel.swift in Sources */ = {isa = PBXBuildFile; fileRef = 21A4923F2B05F7120052527A /* ContentModel.swift */; };
		21A492442B0609B10052527A /* QueryCardView.swift in Sources */ = {isa = PBXBuildFile; fileRef = 21A492432B0609B10052527A /* QueryCardView.swift */; };
		21A492462B0627CF0052527A /* BranchListView.swift in Sources */ = {isa = PBXBuildFile; fileRef = 21A492452B0627CF0052527A /* BranchListView.swift */; };
		21A492482B062F890052527A /* BranchListViewModel.swift in Sources */ = {isa = PBXBuildFile; fileRef = 21A492472B062F890052527A /* BranchListViewModel.swift */; };
		21A4924A2B0638B40052527A /* BranchView.swift in Sources */ = {isa = PBXBuildFile; fileRef = 21A492492B0638B40052527A /* BranchView.swift */; };
		21A4924C2B063BFB0052527A /* BranchListModel.swift in Sources */ = {isa = PBXBuildFile; fileRef = 21A4924B2B063BFB0052527A /* BranchListModel.swift */; };
/* End PBXBuildFile section */

/* Begin PBXContainerItemProxy section */
		21A492212B05F4AA0052527A /* PBXContainerItemProxy */ = {
			isa = PBXContainerItemProxy;
			containerPortal = 21A492072B05F4A90052527A /* Project object */;
			proxyType = 1;
			remoteGlobalIDString = 21A4920E2B05F4A90052527A;
			remoteInfo = Learning;
		};
		21A4922B2B05F4AA0052527A /* PBXContainerItemProxy */ = {
			isa = PBXContainerItemProxy;
			containerPortal = 21A492072B05F4A90052527A /* Project object */;
			proxyType = 1;
			remoteGlobalIDString = 21A4920E2B05F4A90052527A;
			remoteInfo = Learning;
		};
/* End PBXContainerItemProxy section */

/* Begin PBXFileReference section */
		21A4920F2B05F4A90052527A /* Learning.app */ = {isa = PBXFileReference; explicitFileType = wrapper.application; includeInIndex = 0; path = Learning.app; sourceTree = BUILT_PRODUCTS_DIR; };
		21A492122B05F4A90052527A /* LearningApp.swift */ = {isa = PBXFileReference; lastKnownFileType = sourcecode.swift; path = LearningApp.swift; sourceTree = "<group>"; };
		21A492142B05F4A90052527A /* ContentView.swift */ = {isa = PBXFileReference; lastKnownFileType = sourcecode.swift; path = ContentView.swift; sourceTree = "<group>"; };
		21A492162B05F4AA0052527A /* Assets.xcassets */ = {isa = PBXFileReference; lastKnownFileType = folder.assetcatalog; path = Assets.xcassets; sourceTree = "<group>"; };
		21A492182B05F4AA0052527A /* Learning.entitlements */ = {isa = PBXFileReference; lastKnownFileType = text.plist.entitlements; path = Learning.entitlements; sourceTree = "<group>"; };
		21A4921A2B05F4AA0052527A /* Preview Assets.xcassets */ = {isa = PBXFileReference; lastKnownFileType = folder.assetcatalog; path = "Preview Assets.xcassets"; sourceTree = "<group>"; };
		21A492202B05F4AA0052527A /* LearningTests.xctest */ = {isa = PBXFileReference; explicitFileType = wrapper.cfbundle; includeInIndex = 0; path = LearningTests.xctest; sourceTree = BUILT_PRODUCTS_DIR; };
		21A492242B05F4AA0052527A /* LearningTests.swift */ = {isa = PBXFileReference; lastKnownFileType = sourcecode.swift; path = LearningTests.swift; sourceTree = "<group>"; };
		21A4922A2B05F4AA0052527A /* LearningUITests.xctest */ = {isa = PBXFileReference; explicitFileType = wrapper.cfbundle; includeInIndex = 0; path = LearningUITests.xctest; sourceTree = BUILT_PRODUCTS_DIR; };
		21A4922E2B05F4AA0052527A /* LearningUITests.swift */ = {isa = PBXFileReference; lastKnownFileType = sourcecode.swift; path = LearningUITests.swift; sourceTree = "<group>"; };
		21A492302B05F4AA0052527A /* LearningUITestsLaunchTests.swift */ = {isa = PBXFileReference; lastKnownFileType = sourcecode.swift; path = LearningUITestsLaunchTests.swift; sourceTree = "<group>"; };
		21A4923D2B05F6920052527A /* ContentView-ViewModel.swift */ = {isa = PBXFileReference; lastKnownFileType = sourcecode.swift; path = "ContentView-ViewModel.swift"; sourceTree = "<group>"; };
		21A4923F2B05F7120052527A /* ContentModel.swift */ = {isa = PBXFileReference; lastKnownFileType = sourcecode.swift; path = ContentModel.swift; sourceTree = "<group>"; };
		21A492432B0609B10052527A /* QueryCardView.swift */ = {isa = PBXFileReference; lastKnownFileType = sourcecode.swift; path = QueryCardView.swift; sourceTree = "<group>"; };
		21A492452B0627CF0052527A /* BranchListView.swift */ = {isa = PBXFileReference; lastKnownFileType = sourcecode.swift; path = BranchListView.swift; sourceTree = "<group>"; };
		21A492472B062F890052527A /* BranchListViewModel.swift */ = {isa = PBXFileReference; lastKnownFileType = sourcecode.swift; path = BranchListViewModel.swift; sourceTree = "<group>"; };
		21A492492B0638B40052527A /* BranchView.swift */ = {isa = PBXFileReference; lastKnownFileType = sourcecode.swift; path = BranchView.swift; sourceTree = "<group>"; };
		21A4924B2B063BFB0052527A /* BranchListModel.swift */ = {isa = PBXFileReference; lastKnownFileType = sourcecode.swift; path = BranchListModel.swift; sourceTree = "<group>"; };
/* End PBXFileReference section */

/* Begin PBXFrameworksBuildPhase section */
		21A4920C2B05F4A90052527A /* Frameworks */ = {
			isa = PBXFrameworksBuildPhase;
			buildActionMask = 2147483647;
			files = (
			);
			runOnlyForDeploymentPostprocessing = 0;
		};
		21A4921D2B05F4AA0052527A /* Frameworks */ = {
			isa = PBXFrameworksBuildPhase;
			buildActionMask = 2147483647;
			files = (
			);
			runOnlyForDeploymentPostprocessing = 0;
		};
		21A492272B05F4AA0052527A /* Frameworks */ = {
			isa = PBXFrameworksBuildPhase;
			buildActionMask = 2147483647;
			files = (
			);
			runOnlyForDeploymentPostprocessing = 0;
		};
/* End PBXFrameworksBuildPhase section */

/* Begin PBXGroup section */
		21A492062B05F4A90052527A = {
			isa = PBXGroup;
			children = (
				21A492112B05F4A90052527A /* Learning */,
				21A492232B05F4AA0052527A /* LearningTests */,
				21A4922D2B05F4AA0052527A /* LearningUITests */,
				21A492102B05F4A90052527A /* Products */,
			);
			sourceTree = "<group>";
		};
		21A492102B05F4A90052527A /* Products */ = {
			isa = PBXGroup;
			children = (
				21A4920F2B05F4A90052527A /* Learning.app */,
				21A492202B05F4AA0052527A /* LearningTests.xctest */,
				21A4922A2B05F4AA0052527A /* LearningUITests.xctest */,
			);
			name = Products;
			sourceTree = "<group>";
		};
		21A492112B05F4A90052527A /* Learning */ = {
			isa = PBXGroup;
			children = (
				21A492122B05F4A90052527A /* LearningApp.swift */,
				21A492432B0609B10052527A /* QueryCardView.swift */,
				21A492142B05F4A90052527A /* ContentView.swift */,
				21A4923D2B05F6920052527A /* ContentView-ViewModel.swift */,
				21A4923F2B05F7120052527A /* ContentModel.swift */,
				21A4924D2B063F2C0052527A /* CourseList */,
				21A492162B05F4AA0052527A /* Assets.xcassets */,
				21A492182B05F4AA0052527A /* Learning.entitlements */,
				21A492192B05F4AA0052527A /* Preview Content */,
			);
			path = Learning;
			sourceTree = "<group>";
		};
		21A492192B05F4AA0052527A /* Preview Content */ = {
			isa = PBXGroup;
			children = (
				21A4921A2B05F4AA0052527A /* Preview Assets.xcassets */,
			);
			path = "Preview Content";
			sourceTree = "<group>";
		};
		21A492232B05F4AA0052527A /* LearningTests */ = {
			isa = PBXGroup;
			children = (
				21A492242B05F4AA0052527A /* LearningTests.swift */,
			);
			path = LearningTests;
			sourceTree = "<group>";
		};
		21A4922D2B05F4AA0052527A /* LearningUITests */ = {
			isa = PBXGroup;
			children = (
				21A4922E2B05F4AA0052527A /* LearningUITests.swift */,
				21A492302B05F4AA0052527A /* LearningUITestsLaunchTests.swift */,
			);
			path = LearningUITests;
			sourceTree = "<group>";
		};
		21A4924D2B063F2C0052527A /* CourseList */ = {
			isa = PBXGroup;
			children = (
				21A492492B0638B40052527A /* BranchView.swift */,
				21A492452B0627CF0052527A /* BranchListView.swift */,
				21A492472B062F890052527A /* BranchListViewModel.swift */,
				21A4924B2B063BFB0052527A /* BranchListModel.swift */,
			);
			path = CourseList;
			sourceTree = "<group>";
		};
/* End PBXGroup section */

/* Begin PBXNativeTarget section */
		21A4920E2B05F4A90052527A /* Learning */ = {
			isa = PBXNativeTarget;
			buildConfigurationList = 21A492342B05F4AA0052527A /* Build configuration list for PBXNativeTarget "Learning" */;
			buildPhases = (
				21A4920B2B05F4A90052527A /* Sources */,
				21A4920C2B05F4A90052527A /* Frameworks */,
				21A4920D2B05F4A90052527A /* Resources */,
			);
			buildRules = (
			);
			dependencies = (
			);
			name = Learning;
			productName = Learning;
			productReference = 21A4920F2B05F4A90052527A /* Learning.app */;
			productType = "com.apple.product-type.application";
		};
		21A4921F2B05F4AA0052527A /* LearningTests */ = {
			isa = PBXNativeTarget;
			buildConfigurationList = 21A492372B05F4AA0052527A /* Build configuration list for PBXNativeTarget "LearningTests" */;
			buildPhases = (
				21A4921C2B05F4AA0052527A /* Sources */,
				21A4921D2B05F4AA0052527A /* Frameworks */,
				21A4921E2B05F4AA0052527A /* Resources */,
			);
			buildRules = (
			);
			dependencies = (
				21A492222B05F4AA0052527A /* PBXTargetDependency */,
			);
			name = LearningTests;
			productName = LearningTests;
			productReference = 21A492202B05F4AA0052527A /* LearningTests.xctest */;
			productType = "com.apple.product-type.bundle.unit-test";
		};
		21A492292B05F4AA0052527A /* LearningUITests */ = {
			isa = PBXNativeTarget;
			buildConfigurationList = 21A4923A2B05F4AA0052527A /* Build configuration list for PBXNativeTarget "LearningUITests" */;
			buildPhases = (
				21A492262B05F4AA0052527A /* Sources */,
				21A492272B05F4AA0052527A /* Frameworks */,
				21A492282B05F4AA0052527A /* Resources */,
			);
			buildRules = (
			);
			dependencies = (
				21A4922C2B05F4AA0052527A /* PBXTargetDependency */,
			);
			name = LearningUITests;
			productName = LearningUITests;
			productReference = 21A4922A2B05F4AA0052527A /* LearningUITests.xctest */;
			productType = "com.apple.product-type.bundle.ui-testing";
		};
/* End PBXNativeTarget section */

/* Begin PBXProject section */
		21A492072B05F4A90052527A /* Project object */ = {
			isa = PBXProject;
			attributes = {
				BuildIndependentTargetsInParallel = 1;
				LastSwiftUpdateCheck = 1500;
				LastUpgradeCheck = 1500;
				TargetAttributes = {
					21A4920E2B05F4A90052527A = {
						CreatedOnToolsVersion = 15.0;
					};
					21A4921F2B05F4AA0052527A = {
						CreatedOnToolsVersion = 15.0;
						TestTargetID = 21A4920E2B05F4A90052527A;
					};
					21A492292B05F4AA0052527A = {
						CreatedOnToolsVersion = 15.0;
						TestTargetID = 21A4920E2B05F4A90052527A;
					};
				};
			};
			buildConfigurationList = 21A4920A2B05F4A90052527A /* Build configuration list for PBXProject "Learning" */;
			compatibilityVersion = "Xcode 14.0";
			developmentRegion = en;
			hasScannedForEncodings = 0;
			knownRegions = (
				en,
				Base,
			);
			mainGroup = 21A492062B05F4A90052527A;
			productRefGroup = 21A492102B05F4A90052527A /* Products */;
			projectDirPath = "";
			projectRoot = "";
			targets = (
				21A4920E2B05F4A90052527A /* Learning */,
				21A4921F2B05F4AA0052527A /* LearningTests */,
				21A492292B05F4AA0052527A /* LearningUITests */,
			);
		};
/* End PBXProject section */

/* Begin PBXResourcesBuildPhase section */
		21A4920D2B05F4A90052527A /* Resources */ = {
			isa = PBXResourcesBuildPhase;
			buildActionMask = 2147483647;
			files = (
				21A4921B2B05F4AA0052527A /* Preview Assets.xcassets in Resources */,
				21A492172B05F4AA0052527A /* Assets.xcassets in Resources */,
			);
			runOnlyForDeploymentPostprocessing = 0;
		};
		21A4921E2B05F4AA0052527A /* Resources */ = {
			isa = PBXResourcesBuildPhase;
			buildActionMask = 2147483647;
			files = (
			);
			runOnlyForDeploymentPostprocessing = 0;
		};
		21A492282B05F4AA0052527A /* Resources */ = {
			isa = PBXResourcesBuildPhase;
			buildActionMask = 2147483647;
			files = (
			);
			runOnlyForDeploymentPostprocessing = 0;
		};
/* End PBXResourcesBuildPhase section */

/* Begin PBXSourcesBuildPhase section */
		21A4920B2B05F4A90052527A /* Sources */ = {
			isa = PBXSourcesBuildPhase;
			buildActionMask = 2147483647;
			files = (
				21A492152B05F4A90052527A /* ContentView.swift in Sources */,
				21A492442B0609B10052527A /* QueryCardView.swift in Sources */,
				21A4924A2B0638B40052527A /* BranchView.swift in Sources */,
				21A492462B0627CF0052527A /* BranchListView.swift in Sources */,
				21A4924C2B063BFB0052527A /* BranchListModel.swift in Sources */,
				21A492482B062F890052527A /* BranchListViewModel.swift in Sources */,
				21A492402B05F7120052527A /* ContentModel.swift in Sources */,
				21A4923E2B05F6920052527A /* ContentView-ViewModel.swift in Sources */,
				21A492132B05F4A90052527A /* LearningApp.swift in Sources */,
			);
			runOnlyForDeploymentPostprocessing = 0;
		};
		21A4921C2B05F4AA0052527A /* Sources */ = {
			isa = PBXSourcesBuildPhase;
			buildActionMask = 2147483647;
			files = (
				21A492252B05F4AA0052527A /* LearningTests.swift in Sources */,
			);
			runOnlyForDeploymentPostprocessing = 0;
		};
		21A492262B05F4AA0052527A /* Sources */ = {
			isa = PBXSourcesBuildPhase;
			buildActionMask = 2147483647;
			files = (
				21A492312B05F4AA0052527A /* LearningUITestsLaunchTests.swift in Sources */,
				21A4922F2B05F4AA0052527A /* LearningUITests.swift in Sources */,
			);
			runOnlyForDeploymentPostprocessing = 0;
		};
/* End PBXSourcesBuildPhase section */

/* Begin PBXTargetDependency section */
		21A492222B05F4AA0052527A /* PBXTargetDependency */ = {
			isa = PBXTargetDependency;
			target = 21A4920E2B05F4A90052527A /* Learning */;
			targetProxy = 21A492212B05F4AA0052527A /* PBXContainerItemProxy */;
		};
		21A4922C2B05F4AA0052527A /* PBXTargetDependency */ = {
			isa = PBXTargetDependency;
			target = 21A4920E2B05F4A90052527A /* Learning */;
			targetProxy = 21A4922B2B05F4AA0052527A /* PBXContainerItemProxy */;
		};
/* End PBXTargetDependency section */

/* Begin XCBuildConfiguration section */
		21A492322B05F4AA0052527A /* Debug */ = {
			isa = XCBuildConfiguration;
			buildSettings = {
				ALWAYS_SEARCH_USER_PATHS = NO;
				ASSETCATALOG_COMPILER_GENERATE_SWIFT_ASSET_SYMBOL_EXTENSIONS = YES;
				CLANG_ANALYZER_NONNULL = YES;
				CLANG_ANALYZER_NUMBER_OBJECT_CONVERSION = YES_AGGRESSIVE;
				CLANG_CXX_LANGUAGE_STANDARD = "gnu++20";
				CLANG_ENABLE_MODULES = YES;
				CLANG_ENABLE_OBJC_ARC = YES;
				CLANG_ENABLE_OBJC_WEAK = YES;
				CLANG_WARN_BLOCK_CAPTURE_AUTORELEASING = YES;
				CLANG_WARN_BOOL_CONVERSION = YES;
				CLANG_WARN_COMMA = YES;
				CLANG_WARN_CONSTANT_CONVERSION = YES;
				CLANG_WARN_DEPRECATED_OBJC_IMPLEMENTATIONS = YES;
				CLANG_WARN_DIRECT_OBJC_ISA_USAGE = YES_ERROR;
				CLANG_WARN_DOCUMENTATION_COMMENTS = YES;
				CLANG_WARN_EMPTY_BODY = YES;
				CLANG_WARN_ENUM_CONVERSION = YES;
				CLANG_WARN_INFINITE_RECURSION = YES;
				CLANG_WARN_INT_CONVERSION = YES;
				CLANG_WARN_NON_LITERAL_NULL_CONVERSION = YES;
				CLANG_WARN_OBJC_IMPLICIT_RETAIN_SELF = YES;
				CLANG_WARN_OBJC_LITERAL_CONVERSION = YES;
				CLANG_WARN_OBJC_ROOT_CLASS = YES_ERROR;
				CLANG_WARN_QUOTED_INCLUDE_IN_FRAMEWORK_HEADER = YES;
				CLANG_WARN_RANGE_LOOP_ANALYSIS = YES;
				CLANG_WARN_STRICT_PROTOTYPES = YES;
				CLANG_WARN_SUSPICIOUS_MOVE = YES;
				CLANG_WARN_UNGUARDED_AVAILABILITY = YES_AGGRESSIVE;
				CLANG_WARN_UNREACHABLE_CODE = YES;
				CLANG_WARN__DUPLICATE_METHOD_MATCH = YES;
				COPY_PHASE_STRIP = NO;
				DEBUG_INFORMATION_FORMAT = dwarf;
				ENABLE_STRICT_OBJC_MSGSEND = YES;
				ENABLE_TESTABILITY = YES;
				ENABLE_USER_SCRIPT_SANDBOXING = YES;
				GCC_C_LANGUAGE_STANDARD = gnu17;
				GCC_DYNAMIC_NO_PIC = NO;
				GCC_NO_COMMON_BLOCKS = YES;
				GCC_OPTIMIZATION_LEVEL = 0;
				GCC_PREPROCESSOR_DEFINITIONS = (
					"DEBUG=1",
					"$(inherited)",
				);
				GCC_WARN_64_TO_32_BIT_CONVERSION = YES;
				GCC_WARN_ABOUT_RETURN_TYPE = YES_ERROR;
				GCC_WARN_UNDECLARED_SELECTOR = YES;
				GCC_WARN_UNINITIALIZED_AUTOS = YES_AGGRESSIVE;
				GCC_WARN_UNUSED_FUNCTION = YES;
				GCC_WARN_UNUSED_VARIABLE = YES;
				LOCALIZATION_PREFERS_STRING_CATALOGS = YES;
				MTL_ENABLE_DEBUG_INFO = INCLUDE_SOURCE;
				MTL_FAST_MATH = YES;
				ONLY_ACTIVE_ARCH = YES;
				SWIFT_ACTIVE_COMPILATION_CONDITIONS = "DEBUG $(inherited)";
				SWIFT_OPTIMIZATION_LEVEL = "-Onone";
			};
			name = Debug;
		};
		21A492332B05F4AA0052527A /* Release */ = {
			isa = XCBuildConfiguration;
			buildSettings = {
				ALWAYS_SEARCH_USER_PATHS = NO;
				ASSETCATALOG_COMPILER_GENERATE_SWIFT_ASSET_SYMBOL_EXTENSIONS = YES;
				CLANG_ANALYZER_NONNULL = YES;
				CLANG_ANALYZER_NUMBER_OBJECT_CONVERSION = YES_AGGRESSIVE;
				CLANG_CXX_LANGUAGE_STANDARD = "gnu++20";
				CLANG_ENABLE_MODULES = YES;
				CLANG_ENABLE_OBJC_ARC = YES;
				CLANG_ENABLE_OBJC_WEAK = YES;
				CLANG_WARN_BLOCK_CAPTURE_AUTORELEASING = YES;
				CLANG_WARN_BOOL_CONVERSION = YES;
				CLANG_WARN_COMMA = YES;
				CLANG_WARN_CONSTANT_CONVERSION = YES;
				CLANG_WARN_DEPRECATED_OBJC_IMPLEMENTATIONS = YES;
				CLANG_WARN_DIRECT_OBJC_ISA_USAGE = YES_ERROR;
				CLANG_WARN_DOCUMENTATION_COMMENTS = YES;
				CLANG_WARN_EMPTY_BODY = YES;
				CLANG_WARN_ENUM_CONVERSION = YES;
				CLANG_WARN_INFINITE_RECURSION = YES;
				CLANG_WARN_INT_CONVERSION = YES;
				CLANG_WARN_NON_LITERAL_NULL_CONVERSION = YES;
				CLANG_WARN_OBJC_IMPLICIT_RETAIN_SELF = YES;
				CLANG_WARN_OBJC_LITERAL_CONVERSION = YES;
				CLANG_WARN_OBJC_ROOT_CLASS = YES_ERROR;
				CLANG_WARN_QUOTED_INCLUDE_IN_FRAMEWORK_HEADER = YES;
				CLANG_WARN_RANGE_LOOP_ANALYSIS = YES;
				CLANG_WARN_STRICT_PROTOTYPES = YES;
				CLANG_WARN_SUSPICIOUS_MOVE = YES;
				CLANG_WARN_UNGUARDED_AVAILABILITY = YES_AGGRESSIVE;
				CLANG_WARN_UNREACHABLE_CODE = YES;
				CLANG_WARN__DUPLICATE_METHOD_MATCH = YES;
				COPY_PHASE_STRIP = NO;
				DEBUG_INFORMATION_FORMAT = "dwarf-with-dsym";
				ENABLE_NS_ASSERTIONS = NO;
				ENABLE_STRICT_OBJC_MSGSEND = YES;
				ENABLE_USER_SCRIPT_SANDBOXING = YES;
				GCC_C_LANGUAGE_STANDARD = gnu17;
				GCC_NO_COMMON_BLOCKS = YES;
				GCC_WARN_64_TO_32_BIT_CONVERSION = YES;
				GCC_WARN_ABOUT_RETURN_TYPE = YES_ERROR;
				GCC_WARN_UNDECLARED_SELECTOR = YES;
				GCC_WARN_UNINITIALIZED_AUTOS = YES_AGGRESSIVE;
				GCC_WARN_UNUSED_FUNCTION = YES;
				GCC_WARN_UNUSED_VARIABLE = YES;
				LOCALIZATION_PREFERS_STRING_CATALOGS = YES;
				MTL_ENABLE_DEBUG_INFO = NO;
				MTL_FAST_MATH = YES;
				SWIFT_COMPILATION_MODE = wholemodule;
			};
			name = Release;
		};
		21A492352B05F4AA0052527A /* Debug */ = {
			isa = XCBuildConfiguration;
			buildSettings = {
				ASSETCATALOG_COMPILER_APPICON_NAME = AppIcon;
				ASSETCATALOG_COMPILER_GLOBAL_ACCENT_COLOR_NAME = AccentColor;
				CODE_SIGN_ENTITLEMENTS = Learning/Learning.entitlements;
				CODE_SIGN_STYLE = Automatic;
				CURRENT_PROJECT_VERSION = 1;
				DEVELOPMENT_ASSET_PATHS = "\"Learning/Preview Content\"";
				DEVELOPMENT_TEAM = XTMT677496;
				ENABLE_HARDENED_RUNTIME = YES;
				ENABLE_PREVIEWS = YES;
				GENERATE_INFOPLIST_FILE = YES;
				"INFOPLIST_KEY_UIApplicationSceneManifest_Generation[sdk=iphoneos*]" = YES;
				"INFOPLIST_KEY_UIApplicationSceneManifest_Generation[sdk=iphonesimulator*]" = YES;
				"INFOPLIST_KEY_UIApplicationSupportsIndirectInputEvents[sdk=iphoneos*]" = YES;
				"INFOPLIST_KEY_UIApplicationSupportsIndirectInputEvents[sdk=iphonesimulator*]" = YES;
				"INFOPLIST_KEY_UILaunchScreen_Generation[sdk=iphoneos*]" = YES;
				"INFOPLIST_KEY_UILaunchScreen_Generation[sdk=iphonesimulator*]" = YES;
				"INFOPLIST_KEY_UIStatusBarStyle[sdk=iphoneos*]" = UIStatusBarStyleDefault;
				"INFOPLIST_KEY_UIStatusBarStyle[sdk=iphonesimulator*]" = UIStatusBarStyleDefault;
				INFOPLIST_KEY_UISupportedInterfaceOrientations_iPad = "UIInterfaceOrientationPortrait UIInterfaceOrientationPortraitUpsideDown UIInterfaceOrientationLandscapeLeft UIInterfaceOrientationLandscapeRight";
				INFOPLIST_KEY_UISupportedInterfaceOrientations_iPhone = "UIInterfaceOrientationPortrait UIInterfaceOrientationLandscapeLeft UIInterfaceOrientationLandscapeRight";
				INFOPLIST_KEY_UIUserInterfaceStyle = Light;
				IPHONEOS_DEPLOYMENT_TARGET = 16.0;
				LD_RUNPATH_SEARCH_PATHS = "@executable_path/Frameworks";
				"LD_RUNPATH_SEARCH_PATHS[sdk=macosx*]" = "@executable_path/../Frameworks";
				MACOSX_DEPLOYMENT_TARGET = 14.0;
				MARKETING_VERSION = 1.0;
				PRODUCT_BUNDLE_IDENTIFIER = sooraav.Learning;
				PRODUCT_NAME = "$(TARGET_NAME)";
				SDKROOT = auto;
				SUPPORTED_PLATFORMS = "iphoneos iphonesimulator macosx";
				SWIFT_EMIT_LOC_STRINGS = YES;
				SWIFT_VERSION = 5.0;
				TARGETED_DEVICE_FAMILY = "1,2";
			};
			name = Debug;
		};
		21A492362B05F4AA0052527A /* Release */ = {
			isa = XCBuildConfiguration;
			buildSettings = {
				ASSETCATALOG_COMPILER_APPICON_NAME = AppIcon;
				ASSETCATALOG_COMPILER_GLOBAL_ACCENT_COLOR_NAME = AccentColor;
				CODE_SIGN_ENTITLEMENTS = Learning/Learning.entitlements;
				CODE_SIGN_STYLE = Automatic;
				CURRENT_PROJECT_VERSION = 1;
				DEVELOPMENT_ASSET_PATHS = "\"Learning/Preview Content\"";
				DEVELOPMENT_TEAM = XTMT677496;
				ENABLE_HARDENED_RUNTIME = YES;
				ENABLE_PREVIEWS = YES;
				GENERATE_INFOPLIST_FILE = YES;
				"INFOPLIST_KEY_UIApplicationSceneManifest_Generation[sdk=iphoneos*]" = YES;
				"INFOPLIST_KEY_UIApplicationSceneManifest_Generation[sdk=iphonesimulator*]" = YES;
				"INFOPLIST_KEY_UIApplicationSupportsIndirectInputEvents[sdk=iphoneos*]" = YES;
				"INFOPLIST_KEY_UIApplicationSupportsIndirectInputEvents[sdk=iphonesimulator*]" = YES;
				"INFOPLIST_KEY_UILaunchScreen_Generation[sdk=iphoneos*]" = YES;
				"INFOPLIST_KEY_UILaunchScreen_Generation[sdk=iphonesimulator*]" = YES;
				"INFOPLIST_KEY_UIStatusBarStyle[sdk=iphoneos*]" = UIStatusBarStyleDefault;
				"INFOPLIST_KEY_UIStatusBarStyle[sdk=iphonesimulator*]" = UIStatusBarStyleDefault;
				INFOPLIST_KEY_UISupportedInterfaceOrientations_iPad = "UIInterfaceOrientationPortrait UIInterfaceOrientationPortraitUpsideDown UIInterfaceOrientationLandscapeLeft UIInterfaceOrientationLandscapeRight";
				INFOPLIST_KEY_UISupportedInterfaceOrientations_iPhone = "UIInterfaceOrientationPortrait UIInterfaceOrientationLandscapeLeft UIInterfaceOrientationLandscapeRight";
				INFOPLIST_KEY_UIUserInterfaceStyle = Light;
				IPHONEOS_DEPLOYMENT_TARGET = 16.0;
				LD_RUNPATH_SEARCH_PATHS = "@executable_path/Frameworks";
				"LD_RUNPATH_SEARCH_PATHS[sdk=macosx*]" = "@executable_path/../Frameworks";
				MACOSX_DEPLOYMENT_TARGET = 14.0;
				MARKETING_VERSION = 1.0;
				PRODUCT_BUNDLE_IDENTIFIER = sooraav.Learning;
				PRODUCT_NAME = "$(TARGET_NAME)";
				SDKROOT = auto;
				SUPPORTED_PLATFORMS = "iphoneos iphonesimulator macosx";
				SWIFT_EMIT_LOC_STRINGS = YES;
				SWIFT_VERSION = 5.0;
				TARGETED_DEVICE_FAMILY = "1,2";
			};
			name = Release;
		};
		21A492382B05F4AA0052527A /* Debug */ = {
			isa = XCBuildConfiguration;
			buildSettings = {
				ALWAYS_EMBED_SWIFT_STANDARD_LIBRARIES = YES;
				BUNDLE_LOADER = "$(TEST_HOST)";
				CODE_SIGN_STYLE = Automatic;
				CURRENT_PROJECT_VERSION = 1;
				DEVELOPMENT_TEAM = XTMT677496;
				GENERATE_INFOPLIST_FILE = YES;
				IPHONEOS_DEPLOYMENT_TARGET = 17.0;
				MACOSX_DEPLOYMENT_TARGET = 14.0;
				MARKETING_VERSION = 1.0;
				PRODUCT_BUNDLE_IDENTIFIER = sooraav.LearningTests;
				PRODUCT_NAME = "$(TARGET_NAME)";
				SDKROOT = auto;
				SUPPORTED_PLATFORMS = "iphoneos iphonesimulator macosx";
				SWIFT_EMIT_LOC_STRINGS = NO;
				SWIFT_VERSION = 5.0;
				TARGETED_DEVICE_FAMILY = "1,2";
				TEST_HOST = "$(BUILT_PRODUCTS_DIR)/Learning.app/$(BUNDLE_EXECUTABLE_FOLDER_PATH)/Learning";
			};
			name = Debug;
		};
		21A492392B05F4AA0052527A /* Release */ = {
			isa = XCBuildConfiguration;
			buildSettings = {
				ALWAYS_EMBED_SWIFT_STANDARD_LIBRARIES = YES;
				BUNDLE_LOADER = "$(TEST_HOST)";
				CODE_SIGN_STYLE = Automatic;
				CURRENT_PROJECT_VERSION = 1;
				DEVELOPMENT_TEAM = XTMT677496;
				GENERATE_INFOPLIST_FILE = YES;
				IPHONEOS_DEPLOYMENT_TARGET = 17.0;
				MACOSX_DEPLOYMENT_TARGET = 14.0;
				MARKETING_VERSION = 1.0;
				PRODUCT_BUNDLE_IDENTIFIER = sooraav.LearningTests;
				PRODUCT_NAME = "$(TARGET_NAME)";
				SDKROOT = auto;
				SUPPORTED_PLATFORMS = "iphoneos iphonesimulator macosx";
				SWIFT_EMIT_LOC_STRINGS = NO;
				SWIFT_VERSION = 5.0;
				TARGETED_DEVICE_FAMILY = "1,2";
				TEST_HOST = "$(BUILT_PRODUCTS_DIR)/Learning.app/$(BUNDLE_EXECUTABLE_FOLDER_PATH)/Learning";
			};
			name = Release;
		};
		21A4923B2B05F4AA0052527A /* Debug */ = {
			isa = XCBuildConfiguration;
			buildSettings = {
				ALWAYS_EMBED_SWIFT_STANDARD_LIBRARIES = YES;
				CODE_SIGN_STYLE = Automatic;
				CURRENT_PROJECT_VERSION = 1;
				DEVELOPMENT_TEAM = XTMT677496;
				GENERATE_INFOPLIST_FILE = YES;
				IPHONEOS_DEPLOYMENT_TARGET = 17.0;
				MACOSX_DEPLOYMENT_TARGET = 14.0;
				MARKETING_VERSION = 1.0;
				PRODUCT_BUNDLE_IDENTIFIER = sooraav.LearningUITests;
				PRODUCT_NAME = "$(TARGET_NAME)";
				SDKROOT = auto;
				SUPPORTED_PLATFORMS = "iphoneos iphonesimulator macosx";
				SWIFT_EMIT_LOC_STRINGS = NO;
				SWIFT_VERSION = 5.0;
				TARGETED_DEVICE_FAMILY = "1,2";
				TEST_TARGET_NAME = Learning;
			};
			name = Debug;
		};
		21A4923C2B05F4AA0052527A /* Release */ = {
			isa = XCBuildConfiguration;
			buildSettings = {
				ALWAYS_EMBED_SWIFT_STANDARD_LIBRARIES = YES;
				CODE_SIGN_STYLE = Automatic;
				CURRENT_PROJECT_VERSION = 1;
				DEVELOPMENT_TEAM = XTMT677496;
				GENERATE_INFOPLIST_FILE = YES;
				IPHONEOS_DEPLOYMENT_TARGET = 17.0;
				MACOSX_DEPLOYMENT_TARGET = 14.0;
				MARKETING_VERSION = 1.0;
				PRODUCT_BUNDLE_IDENTIFIER = sooraav.LearningUITests;
				PRODUCT_NAME = "$(TARGET_NAME)";
				SDKROOT = auto;
				SUPPORTED_PLATFORMS = "iphoneos iphonesimulator macosx";
				SWIFT_EMIT_LOC_STRINGS = NO;
				SWIFT_VERSION = 5.0;
				TARGETED_DEVICE_FAMILY = "1,2";
				TEST_TARGET_NAME = Learning;
			};
			name = Release;
		};
/* End XCBuildConfiguration section */

/* Begin XCConfigurationList section */
		21A4920A2B05F4A90052527A /* Build configuration list for PBXProject "Learning" */ = {
			isa = XCConfigurationList;
			buildConfigurations = (
				21A492322B05F4AA0052527A /* Debug */,
				21A492332B05F4AA0052527A /* Release */,
			);
			defaultConfigurationIsVisible = 0;
			defaultConfigurationName = Release;
		};
		21A492342B05F4AA0052527A /* Build configuration list for PBXNativeTarget "Learning" */ = {
			isa = XCConfigurationList;
			buildConfigurations = (
				21A492352B05F4AA0052527A /* Debug */,
				21A492362B05F4AA0052527A /* Release */,
			);
			defaultConfigurationIsVisible = 0;
			defaultConfigurationName = Release;
		};
		21A492372B05F4AA0052527A /* Build configuration list for PBXNativeTarget "LearningTests" */ = {
			isa = XCConfigurationList;
			buildConfigurations = (
				21A492382B05F4AA0052527A /* Debug */,
				21A492392B05F4AA0052527A /* Release */,
			);
			defaultConfigurationIsVisible = 0;
			defaultConfigurationName = Release;
		};
		21A4923A2B05F4AA0052527A /* Build configuration list for PBXNativeTarget "LearningUITests" */ = {
			isa = XCConfigurationList;
			buildConfigurations = (
				21A4923B2B05F4AA0052527A /* Debug */,
				21A4923C2B05F4AA0052527A /* Release */,
			);
			defaultConfigurationIsVisible = 0;
			defaultConfigurationName = Release;
		};
/* End XCConfigurationList section */
	};
	rootObject = 21A492072B05F4A90052527A /* Project object */;
}
